
Microsoft Visual Studio Solution File, Format Version 12.00
# Visual Studio Version 17
VisualStudioVersion = 17.14.36518.9 d17.14
MinimumVisualStudioVersion = 10.0.40219.1
Project("{FAE04EC0-301F-11D3-BF4B-00C04F79EFBC}") = "BlazorAppDebugTest", "BlazorAppDebugTest\BlazorAppDebugTest.csproj", "{80448287-555A-48F2-A45B-2E9B709E014D}"
EndProject
Project("{FAE04EC0-301F-11D3-BF4B-00C04F79EFBC}") = "BlazorAppDebugTest.Client", "BlazorAppDebugTest.Client\BlazorAppDebugTest.Client.csproj", "{9B325C42-EED3-4AB7-B4D6-84F334C889CA}"
EndProject
Global
	GlobalSection(SolutionConfigurationPlatforms) = preSolution
		Debug|Any CPU = Debug|Any CPU
		Release|Any CPU = Release|Any CPU
	EndGlobalSection
	GlobalSection(ProjectConfigurationPlatforms) = postSolution
		{80448287-555A-48F2-A45B-2E9B709E014D}.Debug|Any CPU.ActiveCfg = Debug|Any CPU
		{80448287-555A-48F2-A45B-2E9B709E014D}.Debug|Any CPU.Build.0 = Debug|Any CPU
		{80448287-555A-48F2-A45B-2E9B709E014D}.Release|Any CPU.ActiveCfg = Release|Any CPU
		{80448287-555A-48F2-A45B-2E9B709E014D}.Release|Any CPU.Build.0 = Release|Any CPU
		{9B325C42-EED3-4AB7-B4D6-84F334C889CA}.Debug|Any CPU.ActiveCfg = Debug|Any CPU
		{9B325C42-EED3-4AB7-B4D6-84F334C889CA}.Debug|Any CPU.Build.0 = Debug|Any CPU
		{9B325C42-EED3-4AB7-B4D6-84F334C889CA}.Release|Any CPU.ActiveCfg = Release|Any CPU
		{9B325C42-EED3-4AB7-B4D6-84F334C889CA}.Release|Any CPU.Build.0 = Release|Any CPU
	EndGlobalSection
	GlobalSection(SolutionProperties) = preSolution
		HideSolutionNode = FALSE
	EndGlobalSection
	GlobalSection(ExtensibilityGlobals) = postSolution
		SolutionGuid = {57D1EB89-62DB-4B09-829F-8165707764FE}
	EndGlobalSection
EndGlobal
